Microsoft Visual Studio Solution File, Format Version 7.00
Project("{8BC9CEB8-8B4A-11D0-8D11-00A0C91BC942}") = "nvclock_backend", "backend\backend.vcproj", "{1384443C-E6EA-4351-AE07-F9F13F440DC2}"
EndProject
Project("{8BC9CEB8-8B4A-11D0-8D11-00A0C91BC942}") = "nvclock-dll-test", "win_nvclock\win_nvclock.vcproj", "{92DED713-F741-4343-A682-5B9E2BFD0EEE}"
EndProject
Project("{8BC9CEB8-8B4A-11D0-8D11-00A0C91BC942}") = "WinIO-Sys", "WinIo\WinIO-Sys\WinIO-Sys.vcproj", "{19DB07EC-EBE5-4F5D-8842-AFFD086CADB3}"
EndProject
Project("{8BC9CEB8-8B4A-11D0-8D11-00A0C91BC942}") = "nvclock", "nvclock\nvclock.vcproj", "{9BC2A23F-A488-4197-ABB4-E66C29CB369A}"
EndProject
Project("{8BC9CEB8-8B4A-11D0-8D11-00A0C91BC942}") = "WinIo-DLL", "WinIo\WinIO-DLL\WinIo.vcproj", "{23ED1335-8635-498A-88E7-3E86CB7D729B}"
EndProject
Project("{8BC9CEB8-8B4A-11D0-8D11-00A0C91BC942}") = "WinIO-Vxd", "WinIo\WinIO-Vxd\WinIO-Vxd.vcproj", "{889DBA1C-F8D8-488E-AE0D-6D10F71A0137}"
EndProject
Project("{8BC9CEB8-8B4A-11D0-8D11-00A0C91BC942}") = "WinIo-Test", "WinIo\WinIo-Test\WinIoTest.vcproj", "{E3279314-2239-4EE7-86EC-5988CC17877E}"
EndProject
Project("{8BC9CEB8-8B4A-11D0-8D11-00A0C91BC942}") = "nvclock-dll", "nvclock-dll\nvclock-dll.vcproj", "{12C18404-94E8-4258-969B-DCBD3CA3BF42}"
EndProject
Project("{8BC9CEB8-8B4A-11D0-8D11-00A0C91BC942}") = "nvclock-dll-bindist", "nvclock-dll-bindist\nvclock-dll-bindist.vcproj", "{C71C5106-CB69-447A-AA2F-FCB58E9CB3FC}"
EndProject
Project("{8BC9CEB8-8B4A-11D0-8D11-00A0C91BC942}") = "nvclock-bindist", "nvclock-bindist\nvclock-bindist.vcproj", "{98B43DB1-C521-42B5-A9ED-2F400BD95927}"
EndProject
Global
	GlobalSection(DevPartner Solution Properties) = postSolution
	EndGlobalSection
	GlobalSection(SolutionConfiguration) = preSolution
		ConfigName.0 = Debug
		ConfigName.1 = Release
	EndGlobalSection
	GlobalSection(ProjectDependencies) = postSolution
		{1384443C-E6EA-4351-AE07-F9F13F440DC2}.0 = {23ED1335-8635-498A-88E7-3E86CB7D729B}
		{92DED713-F741-4343-A682-5B9E2BFD0EEE}.0 = {1384443C-E6EA-4351-AE07-F9F13F440DC2}
		{92DED713-F741-4343-A682-5B9E2BFD0EEE}.1 = {12C18404-94E8-4258-969B-DCBD3CA3BF42}
		{92DED713-F741-4343-A682-5B9E2BFD0EEE}.2 = {23ED1335-8635-498A-88E7-3E86CB7D729B}
		{92DED713-F741-4343-A682-5B9E2BFD0EEE}.3 = {19DB07EC-EBE5-4F5D-8842-AFFD086CADB3}
		{9BC2A23F-A488-4197-ABB4-E66C29CB369A}.0 = {19DB07EC-EBE5-4F5D-8842-AFFD086CADB3}
		{9BC2A23F-A488-4197-ABB4-E66C29CB369A}.1 = {23ED1335-8635-498A-88E7-3E86CB7D729B}
		{9BC2A23F-A488-4197-ABB4-E66C29CB369A}.2 = {1384443C-E6EA-4351-AE07-F9F13F440DC2}
		{23ED1335-8635-498A-88E7-3E86CB7D729B}.0 = {19DB07EC-EBE5-4F5D-8842-AFFD086CADB3}
		{12C18404-94E8-4258-969B-DCBD3CA3BF42}.0 = {23ED1335-8635-498A-88E7-3E86CB7D729B}
		{12C18404-94E8-4258-969B-DCBD3CA3BF42}.1 = {1384443C-E6EA-4351-AE07-F9F13F440DC2}
		{12C18404-94E8-4258-969B-DCBD3CA3BF42}.2 = {19DB07EC-EBE5-4F5D-8842-AFFD086CADB3}
		{C71C5106-CB69-447A-AA2F-FCB58E9CB3FC}.0 = {19DB07EC-EBE5-4F5D-8842-AFFD086CADB3}
		{C71C5106-CB69-447A-AA2F-FCB58E9CB3FC}.1 = {23ED1335-8635-498A-88E7-3E86CB7D729B}
		{C71C5106-CB69-447A-AA2F-FCB58E9CB3FC}.2 = {92DED713-F741-4343-A682-5B9E2BFD0EEE}
		{C71C5106-CB69-447A-AA2F-FCB58E9CB3FC}.3 = {12C18404-94E8-4258-969B-DCBD3CA3BF42}
		{98B43DB1-C521-42B5-A9ED-2F400BD95927}.0 = {19DB07EC-EBE5-4F5D-8842-AFFD086CADB3}
		{98B43DB1-C521-42B5-A9ED-2F400BD95927}.1 = {23ED1335-8635-498A-88E7-3E86CB7D729B}
		{98B43DB1-C521-42B5-A9ED-2F400BD95927}.2 = {1384443C-E6EA-4351-AE07-F9F13F440DC2}
		{98B43DB1-C521-42B5-A9ED-2F400BD95927}.3 = {9BC2A23F-A488-4197-ABB4-E66C29CB369A}
	EndGlobalSection
	GlobalSection(ProjectConfiguration) = postSolution
		{1384443C-E6EA-4351-AE07-F9F13F440DC2}.Debug.ActiveCfg = Debug|Win32
		{1384443C-E6EA-4351-AE07-F9F13F440DC2}.Debug.Build.0 = Debug|Win32
		{1384443C-E6EA-4351-AE07-F9F13F440DC2}.Release.ActiveCfg = Release|Win32
		{1384443C-E6EA-4351-AE07-F9F13F440DC2}.Release.Build.0 = Release|Win32
		{92DED713-F741-4343-A682-5B9E2BFD0EEE}.Debug.ActiveCfg = Debug|Win32
		{92DED713-F741-4343-A682-5B9E2BFD0EEE}.Debug.Build.0 = Debug|Win32
		{92DED713-F741-4343-A682-5B9E2BFD0EEE}.Release.ActiveCfg = Release|Win32
		{92DED713-F741-4343-A682-5B9E2BFD0EEE}.Release.Build.0 = Release|Win32
		{19DB07EC-EBE5-4F5D-8842-AFFD086CADB3}.Debug.ActiveCfg = Debug|Win32
		{19DB07EC-EBE5-4F5D-8842-AFFD086CADB3}.Debug.Build.0 = Debug|Win32
		{19DB07EC-EBE5-4F5D-8842-AFFD086CADB3}.Release.ActiveCfg = Release|Win32
		{19DB07EC-EBE5-4F5D-8842-AFFD086CADB3}.Release.Build.0 = Release|Win32
		{9BC2A23F-A488-4197-ABB4-E66C29CB369A}.Debug.ActiveCfg = Debug|Win32
		{9BC2A23F-A488-4197-ABB4-E66C29CB369A}.Debug.Build.0 = Debug|Win32
		{9BC2A23F-A488-4197-ABB4-E66C29CB369A}.Release.ActiveCfg = Release|Win32
		{9BC2A23F-A488-4197-ABB4-E66C29CB369A}.Release.Build.0 = Release|Win32
		{23ED1335-8635-498A-88E7-3E86CB7D729B}.Debug.ActiveCfg = Debug|Win32
		{23ED1335-8635-498A-88E7-3E86CB7D729B}.Debug.Build.0 = Debug|Win32
		{23ED1335-8635-498A-88E7-3E86CB7D729B}.Release.ActiveCfg = Release|Win32
		{23ED1335-8635-498A-88E7-3E86CB7D729B}.Release.Build.0 = Release|Win32
		{889DBA1C-F8D8-488E-AE0D-6D10F71A0137}.Debug.ActiveCfg = Debug|Win32
		{889DBA1C-F8D8-488E-AE0D-6D10F71A0137}.Debug.Build.0 = Debug|Win32
		{889DBA1C-F8D8-488E-AE0D-6D10F71A0137}.Release.ActiveCfg = Release|Win32
		{889DBA1C-F8D8-488E-AE0D-6D10F71A0137}.Release.Build.0 = Release|Win32
		{E3279314-2239-4EE7-86EC-5988CC17877E}.Debug.ActiveCfg = Debug|Win32
		{E3279314-2239-4EE7-86EC-5988CC17877E}.Debug.Build.0 = Debug|Win32
		{E3279314-2239-4EE7-86EC-5988CC17877E}.Release.ActiveCfg = Release|Win32
		{E3279314-2239-4EE7-86EC-5988CC17877E}.Release.Build.0 = Release|Win32
		{12C18404-94E8-4258-969B-DCBD3CA3BF42}.Debug.ActiveCfg = Debug|Win32
		{12C18404-94E8-4258-969B-DCBD3CA3BF42}.Debug.Build.0 = Debug|Win32
		{12C18404-94E8-4258-969B-DCBD3CA3BF42}.Release.ActiveCfg = Release|Win32
		{12C18404-94E8-4258-969B-DCBD3CA3BF42}.Release.Build.0 = Release|Win32
		{C71C5106-CB69-447A-AA2F-FCB58E9CB3FC}.Debug.ActiveCfg = Debug|Win32
		{C71C5106-CB69-447A-AA2F-FCB58E9CB3FC}.Debug.Build.0 = Debug|Win32
		{C71C5106-CB69-447A-AA2F-FCB58E9CB3FC}.Release.ActiveCfg = Release|Win32
		{98B43DB1-C521-42B5-A9ED-2F400BD95927}.Debug.ActiveCfg = Debug|Win32
		{98B43DB1-C521-42B5-A9ED-2F400BD95927}.Debug.Build.0 = Debug|Win32
		{98B43DB1-C521-42B5-A9ED-2F400BD95927}.Release.ActiveCfg = Release|Win32
	EndGlobalSection
	GlobalSection(ExtensibilityGlobals) = postSolution
		DPBuild = 6
	EndGlobalSection
	GlobalSection(ExtensibilityAddIns) = postSolution
	EndGlobalSection
	GlobalSection(DevPartner) = postSolution
	EndGlobalSection
	GlobalSection(DevPartner) = postSolution
	EndGlobalSection
	GlobalSection(DevPartner) = postSolution
	EndGlobalSection
	GlobalSection(DevPartner) = postSolution
	EndGlobalSection
	GlobalSection(DevPartner) = postSolution
	EndGlobalSection
	GlobalSection(DevPartner) = postSolution
	EndGlobalSection
	GlobalSection(DevPartner) = postSolution
	EndGlobalSection
EndGlobal
